<?xml version="1.0" encoding="utf-8"?>
<Project ToolsVersion="4.0" xmlns="http://schemas.microsoft.com/developer/msbuild/2003">
  <ItemGroup>
    <Filter Include="Source Files">
      <UniqueIdentifier>{4FC737F1-C7A5-4376-A066-2A32D752A2FF}</UniqueIdentifier>
      <Extensions>cpp;c;cc;cxx;def;odl;idl;hpj;bat;asm;asmx</Extensions>
    </Filter>
    <Filter Include="Header Files">
      <UniqueIdentifier>{93995380-89BD-4b04-88EB-625FBE52EBFB}</UniqueIdentifier>
      <Extensions>h;hh;hpp;hxx;hm;inl;inc;xsd</Extensions>
    </Filter>
    <Filter Include="Resource Files">
      <UniqueIdentifier>{67DA6AB6-F800-4c08-8B7A-83BB121AAD01}</UniqueIdentifier>
      <Extensions>rc;ico;cur;bmp;dlg;rc2;rct;bin;rgs;gif;jpg;jpeg;jpe;resx;tiff;tif;png;wav;mfcribbon-ms</Extensions>
    </Filter>
  </ItemGroup>
  <ItemGroup>
    <ClCompile Include="Main.cpp">
      <Filter>Source Files</Filter>
    </ClCompile>
    <ClCompile Include="Test.cpp">
      <Filter>Source Files</Filter>
    </ClCompile>
    <ClCompile Include="Assert.cpp">
      <Filter>Source Files</Filter>
    </ClCompile>
    <ClCompile Include="TestWinDebugger.cpp">
      <Filter>Source Files</Filter>
    </ClCompile>
    <ClCompile Include="TestWinDebuggerAccessViolation.cpp">
      <Filter>Source Files</Filter>
    </ClCompile>
    <ClCompile Include="TestWinDebuggerBreakpoint.cpp">
      <Filter>Source Files</Filter>
    </ClCompile>
    <ClCompile Include="TestWinDebuggerIllegalInstruction.cpp">
      <Filter>Source Files</Filter>
    </ClCompile>
    <ClCompile Include="TestWinDebuggerGuardPage.cpp">
      <Filter>Source Files</Filter>
    </ClCompile>
    <ClCompile Include="TestWinDebuggerSecondChance.cpp">
      <Filter>Source Files</Filter>
    </ClCompile>
    <ClCompile Include="TestWinDebuggerKillOnIdle.cpp">
      <Filter>Source Files</Filter>
    </ClCompile>
    <ClCompile Include="TestWinDebuggerMaxExecutionTime.cpp">
      <Filter>Source Files</Filter>
    </ClCompile>
    <ClCompile Include="TestWinDebuggerKillOnIdleAndMaxExecutionTime.cpp">
      <Filter>Source Files</Filter>
    </ClCompile>
    <ClCompile Include="TestWinDebuggerAttachProcess.cpp">
      <Filter>Source Files</Filter>
    </ClCompile>
  </ItemGroup>
  <ItemGroup>
    <ClInclude Include="Test.hpp">
      <Filter>Header Files</Filter>
    </ClInclude>
    <ClInclude Include="Assert.hpp">
      <Filter>Header Files</Filter>
    </ClInclude>
    <ClInclude Include="TestWinDebugger.hpp">
      <Filter>Header Files</Filter>
    </ClInclude>
    <ClInclude Include="TestWinDebuggerAccessViolation.hpp">
      <Filter>Header Files</Filter>
    </ClInclude>
    <ClInclude Include="TestWinDebuggerBreakpoint.hpp">
      <Filter>Header Files</Filter>
    </ClInclude>
    <ClInclude Include="TestWinDebuggerIllegalInstruction.hpp">
      <Filter>Header Files</Filter>
    </ClInclude>
    <ClInclude Include="TestWinDebuggerGuardPage.hpp">
      <Filter>Header Files</Filter>
    </ClInclude>
    <ClInclude Include="TestWinDebuggerSecondChance.hpp">
      <Filter>Header Files</Filter>
    </ClInclude>
    <ClInclude Include="TestWinDebuggerKillOnIdle.hpp">
      <Filter>Header Files</Filter>
    </ClInclude>
    <ClInclude Include="TestWinDebuggerMaxExecutionTime.hpp">
      <Filter>Header Files</Filter>
    </ClInclude>
    <ClInclude Include="TestWinDebuggerKillOnIdleAndMaxExecutionTime.hpp">
      <Filter>Header Files</Filter>
    </ClInclude>
    <ClInclude Include="TestWinDebuggerAttachProcess.hpp">
      <Filter>Header Files</Filter>
    </ClInclude>
  </ItemGroup>
</Project>